// !$*UTF8*$!
{
	archiveVersion = 1;
	classes = {
	};
	objectVersion = 77;
	objects = {

/* Begin PBXContainerItemProxy section */
		C4060CE32DA164A800E52AA3 /* PBXContainerItemProxy */ = {
			isa = PBXContainerItemProxy;
			containerPortal = C4060CC42DA164A600E52AA3 /* Project object */;
			proxyType = 1;
			remoteGlobalIDString = C4060CCB2DA164A600E52AA3;
			remoteInfo = InfinityListView;
		};
		C4060CED2DA164A800E52AA3 /* PBXContainerItemProxy */ = {
			isa = PBXContainerItemProxy;
			containerPortal = C4060CC42DA164A600E52AA3 /* Project object */;
			proxyType = 1;
			remoteGlobalIDString = C4060CCB2DA164A600E52AA3;
			remoteInfo = InfinityListView;
		};
/* End PBXContainerItemProxy section */

/* Begin PBXFileReference section */
		C4060CCC2DA164A600E52AA3 /* InfinityListView.app */ = {isa = PBXFileReference; explicitFileType = wrapper.application; includeInIndex = 0; path = InfinityListView.app; sourceTree = BUILT_PRODUCTS_DIR; };
		C4060CE22DA164A800E52AA3 /* InfinityListViewTests.xctest */ = {isa = PBXFileReference; explicitFileType = wrapper.cfbundle; includeInIndex = 0; path = InfinityListViewTests.xctest; sourceTree = BUILT_PRODUCTS_DIR; };
		C4060CEC2DA164A800E52AA3 /* InfinityListViewUITests.xctest */ = {isa = PBXFileReference; explicitFileType = wrapper.cfbundle; includeInIndex = 0; path = InfinityListViewUITests.xctest; sourceTree = BUILT_PRODUCTS_DIR; };
/* End PBXFileReference section */

/* Begin PBXFileSystemSynchronizedBuildFileExceptionSet section */
		C4060CF42DA164A800E52AA3 /* Exceptions for "InfinityListView" folder in "InfinityListView" target */ = {
			isa = PBXFileSystemSynchronizedBuildFileExceptionSet;
			membershipExceptions = (
				Info.plist,
			);
			target = C4060CCB2DA164A600E52AA3 /* InfinityListView */;
		};
/* End PBXFileSystemSynchronizedBuildFileExceptionSet section */

/* Begin PBXFileSystemSynchronizedRootGroup section */
		C4060CCE2DA164A600E52AA3 /* InfinityListView */ = {
			isa = PBXFileSystemSynchronizedRootGroup;
			exceptions = (
				C4060CF42DA164A800E52AA3 /* Exceptions for "InfinityListView" folder in "InfinityListView" target */,
			);
			path = InfinityListView;
			sourceTree = "<group>";
		};
		C4060CE52DA164A800E52AA3 /* InfinityListViewTests */ = {
			isa = PBXFileSystemSynchronizedRootGroup;
			path = InfinityListViewTests;
			sourceTree = "<group>";
		};
		C4060CEF2DA164A800E52AA3 /* InfinityListViewUITests */ = {
			isa = PBXFileSystemSynchronizedRootGroup;
			path = InfinityListViewUITests;
			sourceTree = "<group>";
		};
/* End PBXFileSystemSynchronizedRootGroup section */

/* Begin PBXFrameworksBuildPhase section */
		C4060CC92DA164A600E52AA3 /* Frameworks */ = {
			isa = PBXFrameworksBuildPhase;
			buildActionMask = 2147483647;
			files = (
			);
			runOnlyForDeploymentPostprocessing = 0;
		};
		C4060CDF2DA164A800E52AA3 /* Frameworks */ = {
			isa = PBXFrameworksBuildPhase;
			buildActionMask = 2147483647;
			files = (
			);
			runOnlyForDeploymentPostprocessing = 0;
		};
		C4060CE92DA164A800E52AA3 /* Frameworks */ = {
			isa = PBXFrameworksBuildPhase;
			buildActionMask = 2147483647;
			files = (
			);
			runOnlyForDeploymentPostprocessing = 0;
		};
/* End PBXFrameworksBuildPhase section */

/* Begin PBXGroup section */
		C4060CC32DA164A600E52AA3 = {
			isa = PBXGroup;
			children = (
				C4060CCE2DA164A600E52AA3 /* InfinityListView */,
				C4060CE52DA164A800E52AA3 /* InfinityListViewTests */,
				C4060CEF2DA164A800E52AA3 /* InfinityListViewUITests */,
				C4060CCD2DA164A600E52AA3 /* Products */,
			);
			sourceTree = "<group>";
		};
		C4060CCD2DA164A600E52AA3 /* Products */ = {
			isa = PBXGroup;
			children = (
				C4060CCC2DA164A600E52AA3 /* InfinityListView.app */,
				C4060CE22DA164A800E52AA3 /* InfinityListViewTests.xctest */,
				C4060CEC2DA164A800E52AA3 /* InfinityListViewUITests.xctest */,
			);
			name = Products;
			sourceTree = "<group>";
		};
/* End PBXGroup section */

/* Begin PBXNativeTarget section */
		C4060CCB2DA164A600E52AA3 /* InfinityListView */ = {
			isa = PBXNativeTarget;
			buildConfigurationList = C4060CF52DA164A800E52AA3 /* Build configuration list for PBXNativeTarget "InfinityListView" */;
			buildPhases = (
				C4060CC82DA164A600E52AA3 /* Sources */,
				C4060CC92DA164A600E52AA3 /* Frameworks */,
				C4060CCA2DA164A600E52AA3 /* Resources */,
			);
			buildRules = (
			);
			dependencies = (
			);
			fileSystemSynchronizedGroups = (
				C4060CCE2DA164A600E52AA3 /* InfinityListView */,
			);
			name = InfinityListView;
			packageProductDependencies = (
			);
			productName = InfinityListView;
			productReference = C4060CCC2DA164A600E52AA3 /* InfinityListView.app */;
			productType = "com.apple.product-type.application";
		};
		C4060CE12DA164A800E52AA3 /* InfinityListViewTests */ = {
			isa = PBXNativeTarget;
			buildConfigurationList = C4060CFA2DA164A800E52AA3 /* Build configuration list for PBXNativeTarget "InfinityListViewTests" */;
			buildPhases = (
				C4060CDE2DA164A800E52AA3 /* Sources */,
				C4060CDF2DA164A800E52AA3 /* Frameworks */,
				C4060CE02DA164A800E52AA3 /* Resources */,
			);
			buildRules = (
			);
			dependencies = (
				C4060CE42DA164A800E52AA3 /* PBXTargetDependency */,
			);
			fileSystemSynchronizedGroups = (
				C4060CE52DA164A800E52AA3 /* InfinityListViewTests */,
			);
			name = InfinityListViewTests;
			packageProductDependencies = (
			);
			productName = InfinityListViewTests;
			productReference = C4060CE22DA164A800E52AA3 /* InfinityListViewTests.xctest */;
			productType = "com.apple.product-type.bundle.unit-test";
		};
		C4060CEB2DA164A800E52AA3 /* InfinityListViewUITests */ = {
			isa = PBXNativeTarget;
			buildConfigurationList = C4060CFD2DA164A800E52AA3 /* Build configuration list for PBXNativeTarget "InfinityListViewUITests" */;
			buildPhases = (
				C4060CE82DA164A800E52AA3 /* Sources */,
				C4060CE92DA164A800E52AA3 /* Frameworks */,
				C4060CEA2DA164A800E52AA3 /* Resources */,
			);
			buildRules = (
			);
			dependencies = (
				C4060CEE2DA164A800E52AA3 /* PBXTargetDependency */,
			);
			fileSystemSynchronizedGroups = (
				C4060CEF2DA164A800E52AA3 /* InfinityListViewUITests */,
			);
			name = InfinityListViewUITests;
			packageProductDependencies = (
			);
			productName = InfinityListViewUITests;
			productReference = C4060CEC2DA164A800E52AA3 /* InfinityListViewUITests.xctest */;
			productType = "com.apple.product-type.bundle.ui-testing";
		};
/* End PBXNativeTarget section */

/* Begin PBXProject section */
		C4060CC42DA164A600E52AA3 /* Project object */ = {
			isa = PBXProject;
			attributes = {
				BuildIndependentTargetsInParallel = 1;
				LastSwiftUpdateCheck = 1620;
				LastUpgradeCheck = 1620;
				TargetAttributes = {
					C4060CCB2DA164A600E52AA3 = {
						CreatedOnToolsVersion = 16.2;
						LastSwiftMigration = 1620;
					};
					C4060CE12DA164A800E52AA3 = {
						CreatedOnToolsVersion = 16.2;
						TestTargetID = C4060CCB2DA164A600E52AA3;
					};
					C4060CEB2DA164A800E52AA3 = {
						CreatedOnToolsVersion = 16.2;
						TestTargetID = C4060CCB2DA164A600E52AA3;
					};
				};
			};
			buildConfigurationList = C4060CC72DA164A600E52AA3 /* Build configuration list for PBXProject "InfinityListView" */;
			developmentRegion = en;
			hasScannedForEncodings = 0;
			knownRegions = (
				en,
				Base,
			);
			mainGroup = C4060CC32DA164A600E52AA3;
			minimizedProjectReferenceProxies = 1;
			preferredProjectObjectVersion = 77;
			productRefGroup = C4060CCD2DA164A600E52AA3 /* Products */;
			projectDirPath = "";
			projectRoot = "";
			targets = (
				C4060CCB2DA164A600E52AA3 /* InfinityListView */,
				C4060CE12DA164A800E52AA3 /* InfinityListViewTests */,
				C4060CEB2DA164A800E52AA3 /* InfinityListViewUITests */,
			);
		};
/* End PBXProject section */

/* Begin PBXResourcesBuildPhase section */
		C4060CCA2DA164A600E52AA3 /* Resources */ = {
			isa = PBXResourcesBuildPhase;
			buildActionMask = 2147483647;
			files = (
			);
			runOnlyForDeploymentPostprocessing = 0;
		};
		C4060CE02DA164A800E52AA3 /* Resources */ = {
			isa = PBXResourcesBuildPhase;
			buildActionMask = 2147483647;
			files = (
			);
			runOnlyForDeploymentPostprocessing = 0;
		};
		C4060CEA2DA164A800E52AA3 /* Resources */ = {
			isa = PBXResourcesBuildPhase;
			buildActionMask = 2147483647;
			files = (
			);
			runOnlyForDeploymentPostprocessing = 0;
		};
/* End PBXResourcesBuildPhase section */

/* Begin PBXSourcesBuildPhase section */
		C4060CC82DA164A600E52AA3 /* Sources */ = {
			isa = PBXSourcesBuildPhase;
			buildActionMask = 2147483647;
			files = (
			);
			runOnlyForDeploymentPostprocessing = 0;
		};
		C4060CDE2DA164A800E52AA3 /* Sources */ = {
			isa = PBXSourcesBuildPhase;
			buildActionMask = 2147483647;
			files = (
			);
			runOnlyForDeploymentPostprocessing = 0;
		};
		C4060CE82DA164A800E52AA3 /* Sources */ = {
			isa = PBXSourcesBuildPhase;
			buildActionMask = 2147483647;
			files = (
			);
			runOnlyForDeploymentPostprocessing = 0;
		};
/* End PBXSourcesBuildPhase section */

/* Begin PBXTargetDependency section */
		C4060CE42DA164A800E52AA3 /* PBXTargetDependency */ = {
			isa = PBXTargetDependency;
			target = C4060CCB2DA164A600E52AA3 /* InfinityListView */;
			targetProxy = C4060CE32DA164A800E52AA3 /* PBXContainerItemProxy */;
		};
		C4060CEE2DA164A800E52AA3 /* PBXTargetDependency */ = {
			isa = PBXTargetDependency;
			target = C4060CCB2DA164A600E52AA3 /* InfinityListView */;
			targetProxy = C4060CED2DA164A800E52AA3 /* PBXContainerItemProxy */;
		};
/* End PBXTargetDependency section */

/* Begin XCBuildConfiguration section */
		C4060CF62DA164A800E52AA3 /* Debug */ = {
			isa = XCBuildConfiguration;
			buildSettings = {
				ASSETCATALOG_COMPILER_APPICON_NAME = AppIcon;
				ASSETCATALOG_COMPILER_GLOBAL_ACCENT_COLOR_NAME = AccentColor;
				CLANG_ENABLE_MODULES = YES;
				CODE_SIGN_STYLE = Automatic;
				CURRENT_PROJECT_VERSION = 1;
				DEVELOPMENT_TEAM = ZSZQ2C58XN;
				GENERATE_INFOPLIST_FILE = YES;
				INFOPLIST_FILE = InfinityListView/Info.plist;
				INFOPLIST_KEY_UIApplicationSupportsIndirectInputEvents = YES;
				INFOPLIST_KEY_UILaunchStoryboardName = LaunchScreen;
				INFOPLIST_KEY_UIMainStoryboardFile = Main;
				INFOPLIST_KEY_UISupportedInterfaceOrientations_iPad = "UIInterfaceOrientationPortrait UIInterfaceOrientationPortraitUpsideDown UIInterfaceOrientationLandscapeLeft UIInterfaceOrientationLandscapeRight";
				INFOPLIST_KEY_UISupportedInterfaceOrientations_iPhone = "UIInterfaceOrientationPortrait UIInterfaceOrientationLandscapeLeft UIInterfaceOrientationLandscapeRight";
				IPHONEOS_DEPLOYMENT_TARGET = 15.6;
				LD_RUNPATH_SEARCH_PATHS = (
					"$(inherited)",
					"@executable_path/Frameworks",
				);
				MARKETING_VERSION = 1.0;
				PRODUCT_BUNDLE_IDENTIFIER = csl.cool.InfinityListView;
				PRODUCT_NAME = "$(TARGET_NAME)";
				SWIFT_EMIT_LOC_STRINGS = YES;
				SWIFT_OBJC_BRIDGING_HEADER = "InfinityListView/InfinityListView/InfinityListView-Bridging-Header.h";
				SWIFT_OPTIMIZATION_LEVEL = "-Onone";
				SWIFT_VERSION = 5.0;
				TARGETED_DEVICE_FAMILY = "1,2";
			};
			name = Debug;
		};
		C4060CF72DA164A800E52AA3 /* Release */ = {
			isa = XCBuildConfiguration;
			buildSettings = {
				ASSETCATALOG_COMPILER_APPICON_NAME = AppIcon;
				ASSETCATALOG_COMPILER_GLOBAL_ACCENT_COLOR_NAME = AccentColor;
				CLANG_ENABLE_MODULES = YES;
				CODE_SIGN_STYLE = Automatic;
				CURRENT_PROJECT_VERSION = 1;
				DEVELOPMENT_TEAM = ZSZQ2C58XN;
				GENERATE_INFOPLIST_FILE = YES;
				INFOPLIST_FILE = InfinityListView/Info.plist;
				INFOPLIST_KEY_UIApplicationSupportsIndirectInputEvents = YES;
				INFOPLIST_KEY_UILaunchStoryboardName = LaunchScreen;
				INFOPLIST_KEY_UIMainStoryboardFile = Main;
				INFOPLIST_KEY_UISupportedInterfaceOrientations_iPad = "UIInterfaceOrientationPortrait UIInterfaceOrientationPortraitUpsideDown UIInterfaceOrientationLandscapeLeft UIInterfaceOrientationLandscapeRight";
				INFOPLIST_KEY_UISupportedInterfaceOrientations_iPhone = "UIInterfaceOrientationPortrait UIInterfaceOrientationLandscapeLeft UIInterfaceOrientationLandscapeRight";
				IPHONEOS_DEPLOYMENT_TARGET = 15.6;
				LD_RUNPATH_SEARCH_PATHS = (
					"$(inherited)",
					"@executable_path/Frameworks",
				);
				MARKETING_VERSION = 1.0;
				PRODUCT_BUNDLE_IDENTIFIER = csl.cool.InfinityListView;
				PRODUCT_NAME = "$(TARGET_NAME)";
				SWIFT_EMIT_LOC_STRINGS = YES;
				SWIFT_OBJC_BRIDGING_HEADER = "InfinityListView/InfinityListView/InfinityListView-Bridging-Header.h";
				SWIFT_VERSION = 5.0;
				TARGETED_DEVICE_FAMILY = "1,2";
			};
			name = Release;
		};
		C4060CF82DA164A800E52AA3 /* Debug */ = {
			isa = XCBuildConfiguration;
			buildSettings = {
				ALWAYS_SEARCH_USER_PATHS = NO;
				ASSETCATALOG_COMPILER_GENERATE_SWIFT_ASSET_SYMBOL_EXTENSIONS = YES;
				CLANG_ANALYZER_NONNULL = YES;
				CLANG_ANALYZER_NUMBER_OBJECT_CONVERSION = YES_AGGRESSIVE;
				CLANG_CXX_LANGUAGE_STANDARD = "gnu++20";
				CLANG_ENABLE_MODULES = YES;
				CLANG_ENABLE_OBJC_ARC = YES;
				CLANG_ENABLE_OBJC_WEAK = YES;
				CLANG_WARN_BLOCK_CAPTURE_AUTORELEASING = YES;
				CLANG_WARN_BOOL_CONVERSION = YES;
				CLANG_WARN_COMMA = YES;
				CLANG_WARN_CONSTANT_CONVERSION = YES;
				CLANG_WARN_DEPRECATED_OBJC_IMPLEMENTATIONS = YES;
				CLANG_WARN_DIRECT_OBJC_ISA_USAGE = YES_ERROR;
				CLANG_WARN_DOCUMENTATION_COMMENTS = YES;
				CLANG_WARN_EMPTY_BODY = YES;
				CLANG_WARN_ENUM_CONVERSION = YES;
				CLANG_WARN_INFINITE_RECURSION = YES;
				CLANG_WARN_INT_CONVERSION = YES;
				CLANG_WARN_NON_LITERAL_NULL_CONVERSION = YES;
				CLANG_WARN_OBJC_IMPLICIT_RETAIN_SELF = YES;
				CLANG_WARN_OBJC_LITERAL_CONVERSION = YES;
				CLANG_WARN_OBJC_ROOT_CLASS = YES_ERROR;
				CLANG_WARN_QUOTED_INCLUDE_IN_FRAMEWORK_HEADER = YES;
				CLANG_WARN_RANGE_LOOP_ANALYSIS = YES;
				CLANG_WARN_STRICT_PROTOTYPES = YES;
				CLANG_WARN_SUSPICIOUS_MOVE = YES;
				CLANG_WARN_UNGUARDED_AVAILABILITY = YES_AGGRESSIVE;
				CLANG_WARN_UNREACHABLE_CODE = YES;
				CLANG_WARN__DUPLICATE_METHOD_MATCH = YES;
				COPY_PHASE_STRIP = NO;
				DEBUG_INFORMATION_FORMAT = dwarf;
				ENABLE_STRICT_OBJC_MSGSEND = YES;
				ENABLE_TESTABILITY = YES;
				ENABLE_USER_SCRIPT_SANDBOXING = YES;
				GCC_C_LANGUAGE_STANDARD = gnu17;
				GCC_DYNAMIC_NO_PIC = NO;
				GCC_NO_COMMON_BLOCKS = YES;
				GCC_OPTIMIZATION_LEVEL = 0;
				GCC_PREPROCESSOR_DEFINITIONS = (
					"DEBUG=1",
					"$(inherited)",
				);
				GCC_WARN_64_TO_32_BIT_CONVERSION = YES;
				GCC_WARN_ABOUT_RETURN_TYPE = YES_ERROR;
				GCC_WARN_UNDECLARED_SELECTOR = YES;
				GCC_WARN_UNINITIALIZED_AUTOS = YES_AGGRESSIVE;
				GCC_WARN_UNUSED_FUNCTION = YES;
				GCC_WARN_UNUSED_VARIABLE = YES;
				IPHONEOS_DEPLOYMENT_TARGET = 18.2;
				LOCALIZATION_PREFERS_STRING_CATALOGS = YES;
				MTL_ENABLE_DEBUG_INFO = INCLUDE_SOURCE;
				MTL_FAST_MATH = YES;
				ONLY_ACTIVE_ARCH = YES;
				SDKROOT = iphoneos;
				SWIFT_ACTIVE_COMPILATION_CONDITIONS = "DEBUG $(inherited)";
				SWIFT_OPTIMIZATION_LEVEL = "-Onone";
			};
			name = Debug;
		};
		C4060CF92DA164A800E52AA3 /* Release */ = {
			isa = XCBuildConfiguration;
			buildSettings = {
				ALWAYS_SEARCH_USER_PATHS = NO;
				ASSETCATALOG_COMPILER_GENERATE_SWIFT_ASSET_SYMBOL_EXTENSIONS = YES;
				CLANG_ANALYZER_NONNULL = YES;
				CLANG_ANALYZER_NUMBER_OBJECT_CONVERSION = YES_AGGRESSIVE;
				CLANG_CXX_LANGUAGE_STANDARD = "gnu++20";
				CLANG_ENABLE_MODULES = YES;
				CLANG_ENABLE_OBJC_ARC = YES;
				CLANG_ENABLE_OBJC_WEAK = YES;
				CLANG_WARN_BLOCK_CAPTURE_AUTORELEASING = YES;
				CLANG_WARN_BOOL_CONVERSION = YES;
				CLANG_WARN_COMMA = YES;
				CLANG_WARN_CONSTANT_CONVERSION = YES;
				CLANG_WARN_DEPRECATED_OBJC_IMPLEMENTATIONS = YES;
				CLANG_WARN_DIRECT_OBJC_ISA_USAGE = YES_ERROR;
				CLANG_WARN_DOCUMENTATION_COMMENTS = YES;
				CLANG_WARN_EMPTY_BODY = YES;
				CLANG_WARN_ENUM_CONVERSION = YES;
				CLANG_WARN_INFINITE_RECURSION = YES;
				CLANG_WARN_INT_CONVERSION = YES;
				CLANG_WARN_NON_LITERAL_NULL_CONVERSION = YES;
				CLANG_WARN_OBJC_IMPLICIT_RETAIN_SELF = YES;
				CLANG_WARN_OBJC_LITERAL_CONVERSION = YES;
				CLANG_WARN_OBJC_ROOT_CLASS = YES_ERROR;
				CLANG_WARN_QUOTED_INCLUDE_IN_FRAMEWORK_HEADER = YES;
				CLANG_WARN_RANGE_LOOP_ANALYSIS = YES;
				CLANG_WARN_STRICT_PROTOTYPES = YES;
				CLANG_WARN_SUSPICIOUS_MOVE = YES;
				CLANG_WARN_UNGUARDED_AVAILABILITY = YES_AGGRESSIVE;
				CLANG_WARN_UNREACHABLE_CODE = YES;
				CLANG_WARN__DUPLICATE_METHOD_MATCH = YES;
				COPY_PHASE_STRIP = NO;
				DEBUG_INFORMATION_FORMAT = "dwarf-with-dsym";
				ENABLE_NS_ASSERTIONS = NO;
				ENABLE_STRICT_OBJC_MSGSEND = YES;
				ENABLE_USER_SCRIPT_SANDBOXING = YES;
				GCC_C_LANGUAGE_STANDARD = gnu17;
				GCC_NO_COMMON_BLOCKS = YES;
				GCC_WARN_64_TO_32_BIT_CONVERSION = YES;
				GCC_WARN_ABOUT_RETURN_TYPE = YES_ERROR;
				GCC_WARN_UNDECLARED_SELECTOR = YES;
				GCC_WARN_UNINITIALIZED_AUTOS = YES_AGGRESSIVE;
				GCC_WARN_UNUSED_FUNCTION = YES;
				GCC_WARN_UNUSED_VARIABLE = YES;
				IPHONEOS_DEPLOYMENT_TARGET = 18.2;
				LOCALIZATION_PREFERS_STRING_CATALOGS = YES;
				MTL_ENABLE_DEBUG_INFO = NO;
				MTL_FAST_MATH = YES;
				SDKROOT = iphoneos;
				SWIFT_COMPILATION_MODE = wholemodule;
				VALIDATE_PRODUCT = YES;
			};
			name = Release;
		};
		C4060CFB2DA164A800E52AA3 /* Debug */ = {
			isa = XCBuildConfiguration;
			buildSettings = {
				BUNDLE_LOADER = "$(TEST_HOST)";
				CODE_SIGN_STYLE = Automatic;
				CURRENT_PROJECT_VERSION = 1;
				DEVELOPMENT_TEAM = 7467638S34;
				GENERATE_INFOPLIST_FILE = YES;
				IPHONEOS_DEPLOYMENT_TARGET = 18.2;
				MARKETING_VERSION = 1.0;
				PRODUCT_BUNDLE_IDENTIFIER = csl.cool.InfinityListViewTests;
				PRODUCT_NAME = "$(TARGET_NAME)";
				SWIFT_EMIT_LOC_STRINGS = NO;
				SWIFT_VERSION = 5.0;
				TARGETED_DEVICE_FAMILY = "1,2";
				TEST_HOST = "$(BUILT_PRODUCTS_DIR)/InfinityListView.app/$(BUNDLE_EXECUTABLE_FOLDER_PATH)/InfinityListView";
			};
			name = Debug;
		};
		C4060CFC2DA164A800E52AA3 /* Release */ = {
			isa = XCBuildConfiguration;
			buildSettings = {
				BUNDLE_LOADER = "$(TEST_HOST)";
				CODE_SIGN_STYLE = Automatic;
				CURRENT_PROJECT_VERSION = 1;
				DEVELOPMENT_TEAM = 7467638S34;
				GENERATE_INFOPLIST_FILE = YES;
				IPHONEOS_DEPLOYMENT_TARGET = 18.2;
				MARKETING_VERSION = 1.0;
				PRODUCT_BUNDLE_IDENTIFIER = csl.cool.InfinityListViewTests;
				PRODUCT_NAME = "$(TARGET_NAME)";
				SWIFT_EMIT_LOC_STRINGS = NO;
				SWIFT_VERSION = 5.0;
				TARGETED_DEVICE_FAMILY = "1,2";
				TEST_HOST = "$(BUILT_PRODUCTS_DIR)/InfinityListView.app/$(BUNDLE_EXECUTABLE_FOLDER_PATH)/InfinityListView";
			};
			name = Release;
		};
		C4060CFE2DA164A800E52AA3 /* Debug */ = {
			isa = XCBuildConfiguration;
			buildSettings = {
				CODE_SIGN_STYLE = Automatic;
				CURRENT_PROJECT_VERSION = 1;
				DEVELOPMENT_TEAM = 7467638S34;
				GENERATE_INFOPLIST_FILE = YES;
				MARKETING_VERSION = 1.0;
				PRODUCT_BUNDLE_IDENTIFIER = csl.cool.InfinityListViewUITests;
				PRODUCT_NAME = "$(TARGET_NAME)";
				SWIFT_EMIT_LOC_STRINGS = NO;
				SWIFT_VERSION = 5.0;
				TARGETED_DEVICE_FAMILY = "1,2";
				TEST_TARGET_NAME = InfinityListView;
			};
			name = Debug;
		};
		C4060CFF2DA164A800E52AA3 /* Release */ = {
			isa = XCBuildConfiguration;
			buildSettings = {
				CODE_SIGN_STYLE = Automatic;
				CURRENT_PROJECT_VERSION = 1;
				DEVELOPMENT_TEAM = 7467638S34;
				GENERATE_INFOPLIST_FILE = YES;
				MARKETING_VERSION = 1.0;
				PRODUCT_BUNDLE_IDENTIFIER = csl.cool.InfinityListViewUITests;
				PRODUCT_NAME = "$(TARGET_NAME)";
				SWIFT_EMIT_LOC_STRINGS = NO;
				SWIFT_VERSION = 5.0;
				TARGETED_DEVICE_FAMILY = "1,2";
				TEST_TARGET_NAME = InfinityListView;
			};
			name = Release;
		};
/* End XCBuildConfiguration section */

/* Begin XCConfigurationList section */
		C4060CC72DA164A600E52AA3 /* Build configuration list for PBXProject "InfinityListView" */ = {
			isa = XCConfigurationList;
			buildConfigurations = (
				C4060CF82DA164A800E52AA3 /* Debug */,
				C4060CF92DA164A800E52AA3 /* Release */,
			);
			defaultConfigurationIsVisible = 0;
			defaultConfigurationName = Release;
		};
		C4060CF52DA164A800E52AA3 /* Build configuration list for PBXNativeTarget "InfinityListView" */ = {
			isa = XCConfigurationList;
			buildConfigurations = (
				C4060CF62DA164A800E52AA3 /* Debug */,
				C4060CF72DA164A800E52AA3 /* Release */,
			);
			defaultConfigurationIsVisible = 0;
			defaultConfigurationName = Release;
		};
		C4060CFA2DA164A800E52AA3 /* Build configuration list for PBXNativeTarget "InfinityListViewTests" */ = {
			isa = XCConfigurationList;
			buildConfigurations = (
				C4060CFB2DA164A800E52AA3 /* Debug */,
				C4060CFC2DA164A800E52AA3 /* Release */,
			);
			defaultConfigurationIsVisible = 0;
			defaultConfigurationName = Release;
		};
		C4060CFD2DA164A800E52AA3 /* Build configuration list for PBXNativeTarget "InfinityListViewUITests" */ = {
			isa = XCConfigurationList;
			buildConfigurations = (
				C4060CFE2DA164A800E52AA3 /* Debug */,
				C4060CFF2DA164A800E52AA3 /* Release */,
			);
			defaultConfigurationIsVisible = 0;
			defaultConfigurationName = Release;
		};
/* End XCConfigurationList section */
	};
	rootObject = C4060CC42DA164A600E52AA3 /* Project object */;
}
